
Microsoft Visual Studio Solution File, Format Version 12.00
# Visual Studio Version 16
VisualStudioVersion = 16.0.29306.81
MinimumVisualStudioVersion = 10.0.40219.1
Project("{9A19103F-16F7-4668-BE54-9A1E7A4F7556}") = "Fibula.Communications.Contracts", "Fibula.Communications.Contracts\Fibula.Communications.Contracts.csproj", "{AE67C7E5-3F59-4DAA-ADB2-000E42F1A4FA}"
EndProject
Project("{9A19103F-16F7-4668-BE54-9A1E7A4F7556}") = "Fibula.Communications", "Fibula.Communications\Fibula.Communications.csproj", "{289C8080-E76F-498A-A62F-01C859BC89C3}"
EndProject
Project("{9A19103F-16F7-4668-BE54-9A1E7A4F7556}") = "Fibula.Plugins.Database.CosmosDB", "Fibula.Plugins.Database.CosmosDB\Fibula.Plugins.Database.CosmosDB.csproj", "{0690D42E-046E-4283-87CC-357E230DCBF3}"
EndProject
Project("{9A19103F-16F7-4668-BE54-9A1E7A4F7556}") = "Fibula.Common", "Fibula.Common\Fibula.Common.csproj", "{1DDA0EA7-6556-4D69-9527-150212ABC359}"
EndProject
Project("{9A19103F-16F7-4668-BE54-9A1E7A4F7556}") = "Fibula.Common.Contracts", "Fibula.Common.Contracts\Fibula.Common.Contracts.csproj", "{3CE9F8B7-2241-45B5-B195-3074192B441C}"
EndProject
Project("{2150E333-8FDC-42A3-9474-1A3956D46DE8}") = "Common", "Common", "{4CA2ED01-2917-4C5F-84B2-49771516CE9A}"
EndProject
Project("{2150E333-8FDC-42A3-9474-1A3956D46DE8}") = "Communications", "Communications", "{E14AD76A-05D8-4760-958F-E05C40F5F20E}"
EndProject
Project("{9A19103F-16F7-4668-BE54-9A1E7A4F7556}") = "Fibula.Plugins.MapLoaders.CipSectorFiles", "Fibula.Plugins.MapLoaders.CipSectorFiles\Fibula.Plugins.MapLoaders.CipSectorFiles.csproj", "{151F90A0-5E06-4901-99C5-09B64A3ADF9D}"
EndProject
Project("{9A19103F-16F7-4668-BE54-9A1E7A4F7556}") = "Fibula.Plugins.MapLoaders.GrassOnly", "Fibula.Plugins.MapLoaders.GrassOnly\Fibula.Plugins.MapLoaders.GrassOnly.csproj", "{36CC2E87-F1CF-41AA-9F57-507B64239AD3}"
EndProject
Project("{9A19103F-16F7-4668-BE54-9A1E7A4F7556}") = "Fibula.Plugins.Database.InMemoryOnly", "Fibula.Plugins.Database.InMemoryOnly\Fibula.Plugins.Database.InMemoryOnly.csproj", "{3D9930C3-46FB-4267-9044-BDD963CCA6AE}"
EndProject
Project("{9A19103F-16F7-4668-BE54-9A1E7A4F7556}") = "Fibula.Protocol.V772", "Fibula.Protocol.V772\Fibula.Protocol.V772.csproj", "{62C9083A-E7DA-49BE-960F-77CFBE05E1D2}"
EndProject
Project("{9A19103F-16F7-4668-BE54-9A1E7A4F7556}") = "Fibula.Communications.Packets.Contracts", "Fibula.Communications.Packets.Contracts\Fibula.Communications.Packets.Contracts.csproj", "{4F784A93-E246-4B26-8623-40B199AEF4D3}"
EndProject
Project("{9A19103F-16F7-4668-BE54-9A1E7A4F7556}") = "Fibula.Standalone", "Fibula.Standalone\Fibula.Standalone.csproj", "{1A3E3D10-E174-4F34-ACEE-950CA69388CB}"
EndProject
Project("{9A19103F-16F7-4668-BE54-9A1E7A4F7556}") = "Fibula.Communications.Packets", "Fibula.Communications.Packets\Fibula.Communications.Packets.csproj", "{DF764AC5-2FC7-4549-B221-8C0207D23FBC}"
EndProject
Project("{9A19103F-16F7-4668-BE54-9A1E7A4F7556}") = "Fibula.Communications.Tests", "Fibula.Communications.Tests\Fibula.Communications.Tests.csproj", "{EF42A446-84B3-4DE9-87FC-E2EF7A8F75FC}"
EndProject
Project("{9A19103F-16F7-4668-BE54-9A1E7A4F7556}") = "Fibula.Server", "Fibula.Server\Fibula.Server.csproj", "{733961AA-0543-4AD7-BFAB-2E1C32436055}"
EndProject
Project("{2150E333-8FDC-42A3-9474-1A3956D46DE8}") = "Protocols", "Protocols", "{04FF5661-8991-4206-B3FA-E5C0607D40E6}"
EndProject
Project("{9A19103F-16F7-4668-BE54-9A1E7A4F7556}") = "Fibula.Communications.Packets.Tests", "Fibula.Communications.Packets.Tests\Fibula.Communications.Packets.Tests.csproj", "{B3D594FB-5EA2-4247-9CD6-2EAF4D90DD30}"
EndProject
Project("{9A19103F-16F7-4668-BE54-9A1E7A4F7556}") = "Fibula.Plugins.SpawnLoaders.CipMonstersDbFile", "Fibula.Plugins.SpawnLoaders.CipMonstersDbFile\Fibula.Plugins.SpawnLoaders.CipMonstersDbFile.csproj", "{9EC2B736-9590-4461-981F-6AFD5D10757D}"
EndProject
Project("{2150E333-8FDC-42A3-9474-1A3956D46DE8}") = "Scripting", "Scripting", "{DF46150E-FCBC-4A58-A1BB-F52CA7650360}"
EndProject
Project("{9A19103F-16F7-4668-BE54-9A1E7A4F7556}") = "Fibula.Scripting.Formulae", "Fibula.Scripting.Formulae\Fibula.Scripting.Formulae.csproj", "{A2B27FE8-8EA9-4CD4-A419-D0F57FD14744}"
EndProject
Project("{2150E333-8FDC-42A3-9474-1A3956D46DE8}") = "Plugins", "Plugins", "{B781D6D1-E454-41F4-8F27-12ACBDCA8CE2}"
EndProject
Project("{2150E333-8FDC-42A3-9474-1A3956D46DE8}") = "Tcp", "Tcp", "{29B7DEF9-C670-48D9-AC9C-281B796005BA}"
EndProject
Project("{2150E333-8FDC-42A3-9474-1A3956D46DE8}") = "Server", "Server", "{05405AF1-6DA2-49D7-9906-36C5E2F4D54F}"
EndProject
Project("{9A19103F-16F7-4668-BE54-9A1E7A4F7556}") = "Fibula.Plugins.Database.SqlServer", "Fibula.Plugins.Database.SqlServer\Fibula.Plugins.Database.SqlServer.csproj", "{05D93969-5DDB-4101-A41D-58925A83EF90}"
EndProject
Project("{9A19103F-16F7-4668-BE54-9A1E7A4F7556}") = "Fibula.Server.Contracts", "Fibula.Server.Contracts\Fibula.Server.Contracts.csproj", "{3D62A8E5-DA7D-4F45-8D47-F6D6CE456E95}"
EndProject
Project("{9A19103F-16F7-4668-BE54-9A1E7A4F7556}") = "Fibula.Plugins.PathFinding.AStar", "Fibula.Plugins.PathFinding.AStar\Fibula.Plugins.PathFinding.AStar.csproj", "{5DCFC531-098E-4BE6-AE64-BBB3EBDDF9C7}"
EndProject
Global
	GlobalSection(SolutionConfigurationPlatforms) = preSolution
		Debug|Any CPU = Debug|Any CPU
		Debug|x64 = Debug|x64
		Release|Any CPU = Release|Any CPU
		Release|x64 = Release|x64
	EndGlobalSection
	GlobalSection(ProjectConfigurationPlatforms) = postSolution
		{AE67C7E5-3F59-4DAA-ADB2-000E42F1A4FA}.Debug|Any CPU.ActiveCfg = Debug|Any CPU
		{AE67C7E5-3F59-4DAA-ADB2-000E42F1A4FA}.Debug|Any CPU.Build.0 = Debug|Any CPU
		{AE67C7E5-3F59-4DAA-ADB2-000E42F1A4FA}.Debug|x64.ActiveCfg = Debug|Any CPU
		{AE67C7E5-3F59-4DAA-ADB2-000E42F1A4FA}.Debug|x64.Build.0 = Debug|Any CPU
		{AE67C7E5-3F59-4DAA-ADB2-000E42F1A4FA}.Release|Any CPU.ActiveCfg = Release|Any CPU
		{AE67C7E5-3F59-4DAA-ADB2-000E42F1A4FA}.Release|Any CPU.Build.0 = Release|Any CPU
		{AE67C7E5-3F59-4DAA-ADB2-000E42F1A4FA}.Release|x64.ActiveCfg = Release|Any CPU
		{AE67C7E5-3F59-4DAA-ADB2-000E42F1A4FA}.Release|x64.Build.0 = Release|Any CPU
		{289C8080-E76F-498A-A62F-01C859BC89C3}.Debug|Any CPU.ActiveCfg = Debug|Any CPU
		{289C8080-E76F-498A-A62F-01C859BC89C3}.Debug|Any CPU.Build.0 = Debug|Any CPU
		{289C8080-E76F-498A-A62F-01C859BC89C3}.Debug|x64.ActiveCfg = Debug|Any CPU
		{289C8080-E76F-498A-A62F-01C859BC89C3}.Debug|x64.Build.0 = Debug|Any CPU
		{289C8080-E76F-498A-A62F-01C859BC89C3}.Release|Any CPU.ActiveCfg = Release|Any CPU
		{289C8080-E76F-498A-A62F-01C859BC89C3}.Release|Any CPU.Build.0 = Release|Any CPU
		{289C8080-E76F-498A-A62F-01C859BC89C3}.Release|x64.ActiveCfg = Release|Any CPU
		{289C8080-E76F-498A-A62F-01C859BC89C3}.Release|x64.Build.0 = Release|Any CPU
		{0690D42E-046E-4283-87CC-357E230DCBF3}.Debug|Any CPU.ActiveCfg = Debug|Any CPU
		{0690D42E-046E-4283-87CC-357E230DCBF3}.Debug|Any CPU.Build.0 = Debug|Any CPU
		{0690D42E-046E-4283-87CC-357E230DCBF3}.Debug|x64.ActiveCfg = Debug|Any CPU
		{0690D42E-046E-4283-87CC-357E230DCBF3}.Debug|x64.Build.0 = Debug|Any CPU
		{0690D42E-046E-4283-87CC-357E230DCBF3}.Release|Any CPU.ActiveCfg = Release|Any CPU
		{0690D42E-046E-4283-87CC-357E230DCBF3}.Release|Any CPU.Build.0 = Release|Any CPU
		{0690D42E-046E-4283-87CC-357E230DCBF3}.Release|x64.ActiveCfg = Release|Any CPU
		{0690D42E-046E-4283-87CC-357E230DCBF3}.Release|x64.Build.0 = Release|Any CPU
		{1DDA0EA7-6556-4D69-9527-150212ABC359}.Debug|Any CPU.ActiveCfg = Debug|Any CPU
		{1DDA0EA7-6556-4D69-9527-150212ABC359}.Debug|Any CPU.Build.0 = Debug|Any CPU
		{1DDA0EA7-6556-4D69-9527-150212ABC359}.Debug|x64.ActiveCfg = Debug|Any CPU
		{1DDA0EA7-6556-4D69-9527-150212ABC359}.Debug|x64.Build.0 = Debug|Any CPU
		{1DDA0EA7-6556-4D69-9527-150212ABC359}.Release|Any CPU.ActiveCfg = Release|Any CPU
		{1DDA0EA7-6556-4D69-9527-150212ABC359}.Release|Any CPU.Build.0 = Release|Any CPU
		{1DDA0EA7-6556-4D69-9527-150212ABC359}.Release|x64.ActiveCfg = Release|Any CPU
		{1DDA0EA7-6556-4D69-9527-150212ABC359}.Release|x64.Build.0 = Release|Any CPU
		{3CE9F8B7-2241-45B5-B195-3074192B441C}.Debug|Any CPU.ActiveCfg = Debug|Any CPU
		{3CE9F8B7-2241-45B5-B195-3074192B441C}.Debug|Any CPU.Build.0 = Debug|Any CPU
		{3CE9F8B7-2241-45B5-B195-3074192B441C}.Debug|x64.ActiveCfg = Debug|Any CPU
		{3CE9F8B7-2241-45B5-B195-3074192B441C}.Debug|x64.Build.0 = Debug|Any CPU
		{3CE9F8B7-2241-45B5-B195-3074192B441C}.Release|Any CPU.ActiveCfg = Release|Any CPU
		{3CE9F8B7-2241-45B5-B195-3074192B441C}.Release|Any CPU.Build.0 = Release|Any CPU
		{3CE9F8B7-2241-45B5-B195-3074192B441C}.Release|x64.ActiveCfg = Release|Any CPU
		{3CE9F8B7-2241-45B5-B195-3074192B441C}.Release|x64.Build.0 = Release|Any CPU
		{151F90A0-5E06-4901-99C5-09B64A3ADF9D}.Debug|Any CPU.ActiveCfg = Debug|Any CPU
		{151F90A0-5E06-4901-99C5-09B64A3ADF9D}.Debug|Any CPU.Build.0 = Debug|Any CPU
		{151F90A0-5E06-4901-99C5-09B64A3ADF9D}.Debug|x64.ActiveCfg = Debug|Any CPU
		{151F90A0-5E06-4901-99C5-09B64A3ADF9D}.Debug|x64.Build.0 = Debug|Any CPU
		{151F90A0-5E06-4901-99C5-09B64A3ADF9D}.Release|Any CPU.ActiveCfg = Release|Any CPU
		{151F90A0-5E06-4901-99C5-09B64A3ADF9D}.Release|Any CPU.Build.0 = Release|Any CPU
		{151F90A0-5E06-4901-99C5-09B64A3ADF9D}.Release|x64.ActiveCfg = Release|Any CPU
		{151F90A0-5E06-4901-99C5-09B64A3ADF9D}.Release|x64.Build.0 = Release|Any CPU
		{36CC2E87-F1CF-41AA-9F57-507B64239AD3}.Debug|Any CPU.ActiveCfg = Debug|Any CPU
		{36CC2E87-F1CF-41AA-9F57-507B64239AD3}.Debug|Any CPU.Build.0 = Debug|Any CPU
		{36CC2E87-F1CF-41AA-9F57-507B64239AD3}.Debug|x64.ActiveCfg = Debug|Any CPU
		{36CC2E87-F1CF-41AA-9F57-507B64239AD3}.Debug|x64.Build.0 = Debug|Any CPU
		{36CC2E87-F1CF-41AA-9F57-507B64239AD3}.Release|Any CPU.ActiveCfg = Release|Any CPU
		{36CC2E87-F1CF-41AA-9F57-507B64239AD3}.Release|Any CPU.Build.0 = Release|Any CPU
		{36CC2E87-F1CF-41AA-9F57-507B64239AD3}.Release|x64.ActiveCfg = Release|Any CPU
		{36CC2E87-F1CF-41AA-9F57-507B64239AD3}.Release|x64.Build.0 = Release|Any CPU
		{3D9930C3-46FB-4267-9044-BDD963CCA6AE}.Debug|Any CPU.ActiveCfg = Debug|Any CPU
		{3D9930C3-46FB-4267-9044-BDD963CCA6AE}.Debug|Any CPU.Build.0 = Debug|Any CPU
		{3D9930C3-46FB-4267-9044-BDD963CCA6AE}.Debug|x64.ActiveCfg = Debug|Any CPU
		{3D9930C3-46FB-4267-9044-BDD963CCA6AE}.Debug|x64.Build.0 = Debug|Any CPU
		{3D9930C3-46FB-4267-9044-BDD963CCA6AE}.Release|Any CPU.ActiveCfg = Release|Any CPU
		{3D9930C3-46FB-4267-9044-BDD963CCA6AE}.Release|Any CPU.Build.0 = Release|Any CPU
		{3D9930C3-46FB-4267-9044-BDD963CCA6AE}.Release|x64.ActiveCfg = Release|Any CPU
		{3D9930C3-46FB-4267-9044-BDD963CCA6AE}.Release|x64.Build.0 = Release|Any CPU
		{62C9083A-E7DA-49BE-960F-77CFBE05E1D2}.Debug|Any CPU.ActiveCfg = Debug|Any CPU
		{62C9083A-E7DA-49BE-960F-77CFBE05E1D2}.Debug|Any CPU.Build.0 = Debug|Any CPU
		{62C9083A-E7DA-49BE-960F-77CFBE05E1D2}.Debug|x64.ActiveCfg = Debug|Any CPU
		{62C9083A-E7DA-49BE-960F-77CFBE05E1D2}.Debug|x64.Build.0 = Debug|Any CPU
		{62C9083A-E7DA-49BE-960F-77CFBE05E1D2}.Release|Any CPU.ActiveCfg = Release|Any CPU
		{62C9083A-E7DA-49BE-960F-77CFBE05E1D2}.Release|Any CPU.Build.0 = Release|Any CPU
		{62C9083A-E7DA-49BE-960F-77CFBE05E1D2}.Release|x64.ActiveCfg = Release|Any CPU
		{62C9083A-E7DA-49BE-960F-77CFBE05E1D2}.Release|x64.Build.0 = Release|Any CPU
		{4F784A93-E246-4B26-8623-40B199AEF4D3}.Debug|Any CPU.ActiveCfg = Debug|Any CPU
		{4F784A93-E246-4B26-8623-40B199AEF4D3}.Debug|Any CPU.Build.0 = Debug|Any CPU
		{4F784A93-E246-4B26-8623-40B199AEF4D3}.Debug|x64.ActiveCfg = Debug|Any CPU
		{4F784A93-E246-4B26-8623-40B199AEF4D3}.Debug|x64.Build.0 = Debug|Any CPU
		{4F784A93-E246-4B26-8623-40B199AEF4D3}.Release|Any CPU.ActiveCfg = Release|Any CPU
		{4F784A93-E246-4B26-8623-40B199AEF4D3}.Release|Any CPU.Build.0 = Release|Any CPU
		{4F784A93-E246-4B26-8623-40B199AEF4D3}.Release|x64.ActiveCfg = Release|Any CPU
		{4F784A93-E246-4B26-8623-40B199AEF4D3}.Release|x64.Build.0 = Release|Any CPU
		{1A3E3D10-E174-4F34-ACEE-950CA69388CB}.Debug|Any CPU.ActiveCfg = Debug|Any CPU
		{1A3E3D10-E174-4F34-ACEE-950CA69388CB}.Debug|Any CPU.Build.0 = Debug|Any CPU
		{1A3E3D10-E174-4F34-ACEE-950CA69388CB}.Debug|x64.ActiveCfg = Debug|Any CPU
		{1A3E3D10-E174-4F34-ACEE-950CA69388CB}.Debug|x64.Build.0 = Debug|Any CPU
		{1A3E3D10-E174-4F34-ACEE-950CA69388CB}.Release|Any CPU.ActiveCfg = Release|Any CPU
		{1A3E3D10-E174-4F34-ACEE-950CA69388CB}.Release|Any CPU.Build.0 = Release|Any CPU
		{1A3E3D10-E174-4F34-ACEE-950CA69388CB}.Release|x64.ActiveCfg = Release|Any CPU
		{1A3E3D10-E174-4F34-ACEE-950CA69388CB}.Release|x64.Build.0 = Release|Any CPU
		{DF764AC5-2FC7-4549-B221-8C0207D23FBC}.Debug|Any CPU.ActiveCfg = Debug|Any CPU
		{DF764AC5-2FC7-4549-B221-8C0207D23FBC}.Debug|Any CPU.Build.0 = Debug|Any CPU
		{DF764AC5-2FC7-4549-B221-8C0207D23FBC}.Debug|x64.ActiveCfg = Debug|Any CPU
		{DF764AC5-2FC7-4549-B221-8C0207D23FBC}.Debug|x64.Build.0 = Debug|Any CPU
		{DF764AC5-2FC7-4549-B221-8C0207D23FBC}.Release|Any CPU.ActiveCfg = Release|Any CPU
		{DF764AC5-2FC7-4549-B221-8C0207D23FBC}.Release|Any CPU.Build.0 = Release|Any CPU
		{DF764AC5-2FC7-4549-B221-8C0207D23FBC}.Release|x64.ActiveCfg = Release|Any CPU
		{DF764AC5-2FC7-4549-B221-8C0207D23FBC}.Release|x64.Build.0 = Release|Any CPU
		{EF42A446-84B3-4DE9-87FC-E2EF7A8F75FC}.Debug|Any CPU.ActiveCfg = Debug|Any CPU
		{EF42A446-84B3-4DE9-87FC-E2EF7A8F75FC}.Debug|Any CPU.Build.0 = Debug|Any CPU
		{EF42A446-84B3-4DE9-87FC-E2EF7A8F75FC}.Debug|x64.ActiveCfg = Debug|Any CPU
		{EF42A446-84B3-4DE9-87FC-E2EF7A8F75FC}.Debug|x64.Build.0 = Debug|Any CPU
		{EF42A446-84B3-4DE9-87FC-E2EF7A8F75FC}.Release|Any CPU.ActiveCfg = Release|Any CPU
		{EF42A446-84B3-4DE9-87FC-E2EF7A8F75FC}.Release|Any CPU.Build.0 = Release|Any CPU
		{EF42A446-84B3-4DE9-87FC-E2EF7A8F75FC}.Release|x64.ActiveCfg = Release|Any CPU
		{EF42A446-84B3-4DE9-87FC-E2EF7A8F75FC}.Release|x64.Build.0 = Release|Any CPU
		{733961AA-0543-4AD7-BFAB-2E1C32436055}.Debug|Any CPU.ActiveCfg = Debug|Any CPU
		{733961AA-0543-4AD7-BFAB-2E1C32436055}.Debug|Any CPU.Build.0 = Debug|Any CPU
		{733961AA-0543-4AD7-BFAB-2E1C32436055}.Debug|x64.ActiveCfg = Debug|Any CPU
		{733961AA-0543-4AD7-BFAB-2E1C32436055}.Debug|x64.Build.0 = Debug|Any CPU
		{733961AA-0543-4AD7-BFAB-2E1C32436055}.Release|Any CPU.ActiveCfg = Release|Any CPU
		{733961AA-0543-4AD7-BFAB-2E1C32436055}.Release|Any CPU.Build.0 = Release|Any CPU
		{733961AA-0543-4AD7-BFAB-2E1C32436055}.Release|x64.ActiveCfg = Release|Any CPU
		{733961AA-0543-4AD7-BFAB-2E1C32436055}.Release|x64.Build.0 = Release|Any CPU
		{B3D594FB-5EA2-4247-9CD6-2EAF4D90DD30}.Debug|Any CPU.ActiveCfg = Debug|Any CPU
		{B3D594FB-5EA2-4247-9CD6-2EAF4D90DD30}.Debug|Any CPU.Build.0 = Debug|Any CPU
		{B3D594FB-5EA2-4247-9CD6-2EAF4D90DD30}.Debug|x64.ActiveCfg = Debug|Any CPU
		{B3D594FB-5EA2-4247-9CD6-2EAF4D90DD30}.Debug|x64.Build.0 = Debug|Any CPU
		{B3D594FB-5EA2-4247-9CD6-2EAF4D90DD30}.Release|Any CPU.ActiveCfg = Release|Any CPU
		{B3D594FB-5EA2-4247-9CD6-2EAF4D90DD30}.Release|Any CPU.Build.0 = Release|Any CPU
		{B3D594FB-5EA2-4247-9CD6-2EAF4D90DD30}.Release|x64.ActiveCfg = Release|Any CPU
		{B3D594FB-5EA2-4247-9CD6-2EAF4D90DD30}.Release|x64.Build.0 = Release|Any CPU
		{9EC2B736-9590-4461-981F-6AFD5D10757D}.Debug|Any CPU.ActiveCfg = Debug|Any CPU
		{9EC2B736-9590-4461-981F-6AFD5D10757D}.Debug|Any CPU.Build.0 = Debug|Any CPU
		{9EC2B736-9590-4461-981F-6AFD5D10757D}.Debug|x64.ActiveCfg = Debug|Any CPU
		{9EC2B736-9590-4461-981F-6AFD5D10757D}.Debug|x64.Build.0 = Debug|Any CPU
		{9EC2B736-9590-4461-981F-6AFD5D10757D}.Release|Any CPU.ActiveCfg = Release|Any CPU
		{9EC2B736-9590-4461-981F-6AFD5D10757D}.Release|Any CPU.Build.0 = Release|Any CPU
		{9EC2B736-9590-4461-981F-6AFD5D10757D}.Release|x64.ActiveCfg = Release|Any CPU
		{9EC2B736-9590-4461-981F-6AFD5D10757D}.Release|x64.Build.0 = Release|Any CPU
		{A2B27FE8-8EA9-4CD4-A419-D0F57FD14744}.Debug|Any CPU.ActiveCfg = Debug|Any CPU
		{A2B27FE8-8EA9-4CD4-A419-D0F57FD14744}.Debug|Any CPU.Build.0 = Debug|Any CPU
		{A2B27FE8-8EA9-4CD4-A419-D0F57FD14744}.Debug|x64.ActiveCfg = Debug|Any CPU
		{A2B27FE8-8EA9-4CD4-A419-D0F57FD14744}.Debug|x64.Build.0 = Debug|Any CPU
		{A2B27FE8-8EA9-4CD4-A419-D0F57FD14744}.Release|Any CPU.ActiveCfg = Release|Any CPU
		{A2B27FE8-8EA9-4CD4-A419-D0F57FD14744}.Release|Any CPU.Build.0 = Release|Any CPU
		{A2B27FE8-8EA9-4CD4-A419-D0F57FD14744}.Release|x64.ActiveCfg = Release|Any CPU
		{A2B27FE8-8EA9-4CD4-A419-D0F57FD14744}.Release|x64.Build.0 = Release|Any CPU
		{05D93969-5DDB-4101-A41D-58925A83EF90}.Debug|Any CPU.ActiveCfg = Debug|Any CPU
		{05D93969-5DDB-4101-A41D-58925A83EF90}.Debug|Any CPU.Build.0 = Debug|Any CPU
		{05D93969-5DDB-4101-A41D-58925A83EF90}.Debug|x64.ActiveCfg = Debug|Any CPU
		{05D93969-5DDB-4101-A41D-58925A83EF90}.Debug|x64.Build.0 = Debug|Any CPU
		{05D93969-5DDB-4101-A41D-58925A83EF90}.Release|Any CPU.ActiveCfg = Release|Any CPU
		{05D93969-5DDB-4101-A41D-58925A83EF90}.Release|Any CPU.Build.0 = Release|Any CPU
		{05D93969-5DDB-4101-A41D-58925A83EF90}.Release|x64.ActiveCfg = Release|Any CPU
		{05D93969-5DDB-4101-A41D-58925A83EF90}.Release|x64.Build.0 = Release|Any CPU
		{3D62A8E5-DA7D-4F45-8D47-F6D6CE456E95}.Debug|Any CPU.ActiveCfg = Debug|Any CPU
		{3D62A8E5-DA7D-4F45-8D47-F6D6CE456E95}.Debug|Any CPU.Build.0 = Debug|Any CPU
		{3D62A8E5-DA7D-4F45-8D47-F6D6CE456E95}.Debug|x64.ActiveCfg = Debug|Any CPU
		{3D62A8E5-DA7D-4F45-8D47-F6D6CE456E95}.Debug|x64.Build.0 = Debug|Any CPU
		{3D62A8E5-DA7D-4F45-8D47-F6D6CE456E95}.Release|Any CPU.ActiveCfg = Release|Any CPU
		{3D62A8E5-DA7D-4F45-8D47-F6D6CE456E95}.Release|Any CPU.Build.0 = Release|Any CPU
		{3D62A8E5-DA7D-4F45-8D47-F6D6CE456E95}.Release|x64.ActiveCfg = Release|Any CPU
		{3D62A8E5-DA7D-4F45-8D47-F6D6CE456E95}.Release|x64.Build.0 = Release|Any CPU
		{5DCFC531-098E-4BE6-AE64-BBB3EBDDF9C7}.Debug|Any CPU.ActiveCfg = Debug|Any CPU
		{5DCFC531-098E-4BE6-AE64-BBB3EBDDF9C7}.Debug|Any CPU.Build.0 = Debug|Any CPU
		{5DCFC531-098E-4BE6-AE64-BBB3EBDDF9C7}.Debug|x64.ActiveCfg = Debug|Any CPU
		{5DCFC531-098E-4BE6-AE64-BBB3EBDDF9C7}.Debug|x64.Build.0 = Debug|Any CPU
		{5DCFC531-098E-4BE6-AE64-BBB3EBDDF9C7}.Release|Any CPU.ActiveCfg = Release|Any CPU
		{5DCFC531-098E-4BE6-AE64-BBB3EBDDF9C7}.Release|Any CPU.Build.0 = Release|Any CPU
		{5DCFC531-098E-4BE6-AE64-BBB3EBDDF9C7}.Release|x64.ActiveCfg = Release|Any CPU
		{5DCFC531-098E-4BE6-AE64-BBB3EBDDF9C7}.Release|x64.Build.0 = Release|Any CPU
	EndGlobalSection
	GlobalSection(SolutionProperties) = preSolution
		HideSolutionNode = FALSE
	EndGlobalSection
	GlobalSection(NestedProjects) = preSolution
		{AE67C7E5-3F59-4DAA-ADB2-000E42F1A4FA} = {E14AD76A-05D8-4760-958F-E05C40F5F20E}
		{289C8080-E76F-498A-A62F-01C859BC89C3} = {E14AD76A-05D8-4760-958F-E05C40F5F20E}
		{0690D42E-046E-4283-87CC-357E230DCBF3} = {B781D6D1-E454-41F4-8F27-12ACBDCA8CE2}
		{1DDA0EA7-6556-4D69-9527-150212ABC359} = {4CA2ED01-2917-4C5F-84B2-49771516CE9A}
		{3CE9F8B7-2241-45B5-B195-3074192B441C} = {4CA2ED01-2917-4C5F-84B2-49771516CE9A}
		{E14AD76A-05D8-4760-958F-E05C40F5F20E} = {29B7DEF9-C670-48D9-AC9C-281B796005BA}
		{151F90A0-5E06-4901-99C5-09B64A3ADF9D} = {B781D6D1-E454-41F4-8F27-12ACBDCA8CE2}
		{36CC2E87-F1CF-41AA-9F57-507B64239AD3} = {B781D6D1-E454-41F4-8F27-12ACBDCA8CE2}
		{3D9930C3-46FB-4267-9044-BDD963CCA6AE} = {B781D6D1-E454-41F4-8F27-12ACBDCA8CE2}
		{62C9083A-E7DA-49BE-960F-77CFBE05E1D2} = {04FF5661-8991-4206-B3FA-E5C0607D40E6}
		{4F784A93-E246-4B26-8623-40B199AEF4D3} = {E14AD76A-05D8-4760-958F-E05C40F5F20E}
		{DF764AC5-2FC7-4549-B221-8C0207D23FBC} = {E14AD76A-05D8-4760-958F-E05C40F5F20E}
		{EF42A446-84B3-4DE9-87FC-E2EF7A8F75FC} = {E14AD76A-05D8-4760-958F-E05C40F5F20E}
		{733961AA-0543-4AD7-BFAB-2E1C32436055} = {05405AF1-6DA2-49D7-9906-36C5E2F4D54F}
		{04FF5661-8991-4206-B3FA-E5C0607D40E6} = {29B7DEF9-C670-48D9-AC9C-281B796005BA}
		{B3D594FB-5EA2-4247-9CD6-2EAF4D90DD30} = {E14AD76A-05D8-4760-958F-E05C40F5F20E}
		{9EC2B736-9590-4461-981F-6AFD5D10757D} = {B781D6D1-E454-41F4-8F27-12ACBDCA8CE2}
		{A2B27FE8-8EA9-4CD4-A419-D0F57FD14744} = {DF46150E-FCBC-4A58-A1BB-F52CA7650360}
		{05D93969-5DDB-4101-A41D-58925A83EF90} = {B781D6D1-E454-41F4-8F27-12ACBDCA8CE2}
		{3D62A8E5-DA7D-4F45-8D47-F6D6CE456E95} = {05405AF1-6DA2-49D7-9906-36C5E2F4D54F}
		{5DCFC531-098E-4BE6-AE64-BBB3EBDDF9C7} = {B781D6D1-E454-41F4-8F27-12ACBDCA8CE2}
	EndGlobalSection
	GlobalSection(ExtensibilityGlobals) = postSolution
		SolutionGuid = {4198A479-8EF8-4C3D-BCC7-702B747E6EE4}
	EndGlobalSection
EndGlobal
